# This file is automatically @generated by Cargo.
# It is not intended for manual editing.
version = 4

[[package]]
name = "opensuite"
version = "0.1.0"
dependencies = [
 "opensuite-docx",
 "opensuite-protocol",
]

[[package]]
name = "opensuite-docx"
version = "0.1.0"
dependencies = [
 "opensuite-opc",
]

[[package]]
name = "opensuite-opc"
version = "0.1.0"

[[package]]
name = "opensuite-protocol"
version = "0.1.0"
